{
  "name": "fingenius-site",
  "version": "1.0.0",
  "lockfileVersion": 2,
  "requires": true,
  "packages": {
    "": {
      "version": "1.0.0",
      "license": "ISC",
      "devDependencies": {
        "create-next-app": "^10.2.3"
      }
    },
    "node_modules/create-next-app": {
      "version": "10.2.3",
      "resolved": "https://registry.npmjs.org/create-next-app/-/create-next-app-10.2.3.tgz",
      "integrity": "sha512-Bcs/DI4nMCjc59meCOGDYj+bfHkGqxn7/f7fEYkcotfSLSHDxJ4MhOSryxkMIyVE0RJps6+muQlC2/OCMvcQsQ==",
      "dev": true,
      "bin": {
        "create-next-app": "dist/index.js"
      },
      "engines": {
        "node": ">=10.13.0"
      }
    }
  },
  "dependencies": {
    "create-next-app": {
      "version": "10.2.3",
      "resolved": "https://registry.npmjs.org/create-next-app/-/create-next-app-10.2.3.tgz",
      "integrity": "sha512-Bcs/DI4nMCjc59meCOGDYj+bfHkGqxn7/f7fEYkcotfSLSHDxJ4MhOSryxkMIyVE0RJps6+muQlC2/OCMvcQsQ==",
      "dev": true
    }
  }
}
